github.com/Jumpaku/go-assert v1.0.0 h1:0mrYBCxRHlHgnFh9+S/m8lKVMlK0Fvqq/V86k2CNZYY=
github.com/Jumpaku/go-assert v1.0.0/go.mod h1:WUm/awdnfBic4hBSBk8Fiyqkv1Pm1P9zXQQG6kNtrNQ=
golang.org/x/exp v0.0.0-20230626212559-97b1e661b5df h1:UA2aFVmmsIlefxMk29Dp2juaUSth8Pyn3Tq5Y5mJGME=
golang.org/x/exp v0.0.0-20230626212559-97b1e661b5df/go.mod h1:FXUEEKJgO7OQYeo8N01OfiKP8RXMtf6e8aTskBGqWdc=
